
Microsoft Visual Studio Solution File, Format Version 12.00
# Visual Studio Version 17
VisualStudioVersion = 17.6.33829.357
MinimumVisualStudioVersion = 10.0.40219.1
Project("{FAE04EC0-301F-11D3-BF4B-00C04F79EFBC}") = "sg_funcionarios", "sg_funcionarios\sg_funcionarios.csproj", "{5D9A9E49-040E-4140-A1DF-45210DE6AFC9}"
EndProject
Global
	GlobalSection(SolutionConfigurationPlatforms) = preSolution
		Debug|Any CPU = Debug|Any CPU
		Release|Any CPU = Release|Any CPU
	EndGlobalSection
	GlobalSection(ProjectConfigurationPlatforms) = postSolution
		{5D9A9E49-040E-4140-A1DF-45210DE6AFC9}.Debug|Any CPU.ActiveCfg = Debug|Any CPU
		{5D9A9E49-040E-4140-A1DF-45210DE6AFC9}.Debug|Any CPU.Build.0 = Debug|Any CPU
		{5D9A9E49-040E-4140-A1DF-45210DE6AFC9}.Release|Any CPU.ActiveCfg = Release|Any CPU
		{5D9A9E49-040E-4140-A1DF-45210DE6AFC9}.Release|Any CPU.Build.0 = Release|Any CPU
	EndGlobalSection
	GlobalSection(SolutionProperties) = preSolution
		HideSolutionNode = FALSE
	EndGlobalSection
	GlobalSection(ExtensibilityGlobals) = postSolution
		SolutionGuid = {C3673CBE-AFB1-4CCF-8496-4CF60B0A3DDC}
	EndGlobalSection
EndGlobal
